
Microsoft Visual Studio Solution File, Format Version 12.00
# Visual Studio Version 16
VisualStudioVersion = 16.0.29123.88
MinimumVisualStudioVersion = 10.0.40219.1
Project("{FAE04EC0-301F-11D3-BF4B-00C04F79EFBC}") = "epicture.Android", "epicture.Android\epicture.Android.csproj", "{9C7DD1A5-EA02-4426-8F8F-5622A5923815}"
EndProject
Project("{FAE04EC0-301F-11D3-BF4B-00C04F79EFBC}") = "epicture.iOS", "epicture.iOS\epicture.iOS.csproj", "{469C65DF-56D9-4D9F-98C4-49E3EEB577B4}"
EndProject
Project("{FAE04EC0-301F-11D3-BF4B-00C04F79EFBC}") = "epicture", "epicture\epicture.csproj", "{31A65312-C9D8-4A33-AEAE-D34550F14F3C}"
EndProject
Global
	GlobalSection(SolutionConfigurationPlatforms) = preSolution
		Debug|Any CPU = Debug|Any CPU
		Debug|iPhone = Debug|iPhone
		Debug|iPhoneSimulator = Debug|iPhoneSimulator
		Release|Any CPU = Release|Any CPU
		Release|iPhone = Release|iPhone
		Release|iPhoneSimulator = Release|iPhoneSimulator
	EndGlobalSection
	GlobalSection(ProjectConfigurationPlatforms) = postSolution
		{9C7DD1A5-EA02-4426-8F8F-5622A5923815}.Debug|Any CPU.ActiveCfg = Debug|Any CPU
		{9C7DD1A5-EA02-4426-8F8F-5622A5923815}.Debug|Any CPU.Build.0 = Debug|Any CPU
		{9C7DD1A5-EA02-4426-8F8F-5622A5923815}.Debug|Any CPU.Deploy.0 = Debug|Any CPU
		{9C7DD1A5-EA02-4426-8F8F-5622A5923815}.Debug|iPhone.ActiveCfg = Debug|Any CPU
		{9C7DD1A5-EA02-4426-8F8F-5622A5923815}.Debug|iPhone.Build.0 = Debug|Any CPU
		{9C7DD1A5-EA02-4426-8F8F-5622A5923815}.Debug|iPhone.Deploy.0 = Debug|Any CPU
		{9C7DD1A5-EA02-4426-8F8F-5622A5923815}.Debug|iPhoneSimulator.ActiveCfg = Debug|Any CPU
		{9C7DD1A5-EA02-4426-8F8F-5622A5923815}.Debug|iPhoneSimulator.Build.0 = Debug|Any CPU
		{9C7DD1A5-EA02-4426-8F8F-5622A5923815}.Debug|iPhoneSimulator.Deploy.0 = Debug|Any CPU
		{9C7DD1A5-EA02-4426-8F8F-5622A5923815}.Release|Any CPU.ActiveCfg = Release|Any CPU
		{9C7DD1A5-EA02-4426-8F8F-5622A5923815}.Release|Any CPU.Build.0 = Release|Any CPU
		{9C7DD1A5-EA02-4426-8F8F-5622A5923815}.Release|Any CPU.Deploy.0 = Release|Any CPU
		{9C7DD1A5-EA02-4426-8F8F-5622A5923815}.Release|iPhone.ActiveCfg = Release|Any CPU
		{9C7DD1A5-EA02-4426-8F8F-5622A5923815}.Release|iPhone.Build.0 = Release|Any CPU
		{9C7DD1A5-EA02-4426-8F8F-5622A5923815}.Release|iPhone.Deploy.0 = Release|Any CPU
		{9C7DD1A5-EA02-4426-8F8F-5622A5923815}.Release|iPhoneSimulator.ActiveCfg = Release|Any CPU
		{9C7DD1A5-EA02-4426-8F8F-5622A5923815}.Release|iPhoneSimulator.Build.0 = Release|Any CPU
		{9C7DD1A5-EA02-4426-8F8F-5622A5923815}.Release|iPhoneSimulator.Deploy.0 = Release|Any CPU
		{469C65DF-56D9-4D9F-98C4-49E3EEB577B4}.Debug|Any CPU.ActiveCfg = Debug|iPhoneSimulator
		{469C65DF-56D9-4D9F-98C4-49E3EEB577B4}.Debug|Any CPU.Build.0 = Debug|iPhoneSimulator
		{469C65DF-56D9-4D9F-98C4-49E3EEB577B4}.Debug|Any CPU.Deploy.0 = Debug|iPhoneSimulator
		{469C65DF-56D9-4D9F-98C4-49E3EEB577B4}.Debug|iPhone.ActiveCfg = Debug|iPhone
		{469C65DF-56D9-4D9F-98C4-49E3EEB577B4}.Debug|iPhone.Build.0 = Debug|iPhone
		{469C65DF-56D9-4D9F-98C4-49E3EEB577B4}.Debug|iPhone.Deploy.0 = Debug|iPhone
		{469C65DF-56D9-4D9F-98C4-49E3EEB577B4}.Debug|iPhoneSimulator.ActiveCfg = Debug|iPhoneSimulator
		{469C65DF-56D9-4D9F-98C4-49E3EEB577B4}.Debug|iPhoneSimulator.Build.0 = Debug|iPhoneSimulator
		{469C65DF-56D9-4D9F-98C4-49E3EEB577B4}.Debug|iPhoneSimulator.Deploy.0 = Debug|iPhoneSimulator
		{469C65DF-56D9-4D9F-98C4-49E3EEB577B4}.Release|Any CPU.ActiveCfg = Release|iPhone
		{469C65DF-56D9-4D9F-98C4-49E3EEB577B4}.Release|Any CPU.Build.0 = Release|iPhone
		{469C65DF-56D9-4D9F-98C4-49E3EEB577B4}.Release|Any CPU.Deploy.0 = Release|iPhone
		{469C65DF-56D9-4D9F-98C4-49E3EEB577B4}.Release|iPhone.ActiveCfg = Release|iPhone
		{469C65DF-56D9-4D9F-98C4-49E3EEB577B4}.Release|iPhone.Build.0 = Release|iPhone
		{469C65DF-56D9-4D9F-98C4-49E3EEB577B4}.Release|iPhone.Deploy.0 = Release|iPhone
		{469C65DF-56D9-4D9F-98C4-49E3EEB577B4}.Release|iPhoneSimulator.ActiveCfg = Release|iPhoneSimulator
		{469C65DF-56D9-4D9F-98C4-49E3EEB577B4}.Release|iPhoneSimulator.Build.0 = Release|iPhoneSimulator
		{469C65DF-56D9-4D9F-98C4-49E3EEB577B4}.Release|iPhoneSimulator.Deploy.0 = Release|iPhoneSimulator
		{31A65312-C9D8-4A33-AEAE-D34550F14F3C}.Debug|Any CPU.ActiveCfg = Debug|Any CPU
		{31A65312-C9D8-4A33-AEAE-D34550F14F3C}.Debug|Any CPU.Build.0 = Debug|Any CPU
		{31A65312-C9D8-4A33-AEAE-D34550F14F3C}.Debug|Any CPU.Deploy.0 = Debug|Any CPU
		{31A65312-C9D8-4A33-AEAE-D34550F14F3C}.Debug|iPhone.ActiveCfg = Debug|Any CPU
		{31A65312-C9D8-4A33-AEAE-D34550F14F3C}.Debug|iPhone.Build.0 = Debug|Any CPU
		{31A65312-C9D8-4A33-AEAE-D34550F14F3C}.Debug|iPhone.Deploy.0 = Debug|Any CPU
		{31A65312-C9D8-4A33-AEAE-D34550F14F3C}.Debug|iPhoneSimulator.ActiveCfg = Debug|Any CPU
		{31A65312-C9D8-4A33-AEAE-D34550F14F3C}.Debug|iPhoneSimulator.Build.0 = Debug|Any CPU
		{31A65312-C9D8-4A33-AEAE-D34550F14F3C}.Debug|iPhoneSimulator.Deploy.0 = Debug|Any CPU
		{31A65312-C9D8-4A33-AEAE-D34550F14F3C}.Release|Any CPU.ActiveCfg = Release|Any CPU
		{31A65312-C9D8-4A33-AEAE-D34550F14F3C}.Release|Any CPU.Build.0 = Release|Any CPU
		{31A65312-C9D8-4A33-AEAE-D34550F14F3C}.Release|Any CPU.Deploy.0 = Release|Any CPU
		{31A65312-C9D8-4A33-AEAE-D34550F14F3C}.Release|iPhone.ActiveCfg = Release|Any CPU
		{31A65312-C9D8-4A33-AEAE-D34550F14F3C}.Release|iPhone.Build.0 = Release|Any CPU
		{31A65312-C9D8-4A33-AEAE-D34550F14F3C}.Release|iPhone.Deploy.0 = Release|Any CPU
		{31A65312-C9D8-4A33-AEAE-D34550F14F3C}.Release|iPhoneSimulator.ActiveCfg = Release|Any CPU
		{31A65312-C9D8-4A33-AEAE-D34550F14F3C}.Release|iPhoneSimulator.Build.0 = Release|Any CPU
		{31A65312-C9D8-4A33-AEAE-D34550F14F3C}.Release|iPhoneSimulator.Deploy.0 = Release|Any CPU
	EndGlobalSection
	GlobalSection(SolutionProperties) = preSolution
		HideSolutionNode = FALSE
	EndGlobalSection
	GlobalSection(ExtensibilityGlobals) = postSolution
		SolutionGuid = {697F4498-56CC-4CA7-8388-232EEEAACCF3}
	EndGlobalSection
EndGlobal
